
Microsoft Visual Studio Solution File, Format Version 12.00
# Visual Studio Version 17
VisualStudioVersion = 17.11.35327.3
MinimumVisualStudioVersion = 10.0.40219.1
Project("{FAE04EC0-301F-11D3-BF4B-00C04F79EFBC}") = "CongestionTax", "CongestionTax\CongestionTax.csproj", "{7050F89D-1FED-467D-BB6B-2BF057DDFD09}"
EndProject
Project("{FAE04EC0-301F-11D3-BF4B-00C04F79EFBC}") = "CongestionTaxTests", "CongestionTaxTests\CongestionTaxTests.csproj", "{527C39EB-F51B-461D-AF7F-3A63BD610A64}"
	ProjectSection(ProjectDependencies) = postProject
		{7050F89D-1FED-467D-BB6B-2BF057DDFD09} = {7050F89D-1FED-467D-BB6B-2BF057DDFD09}
	EndProjectSection
EndProject
Global
	GlobalSection(SolutionConfigurationPlatforms) = preSolution
		Debug|Any CPU = Debug|Any CPU
		Release|Any CPU = Release|Any CPU
	EndGlobalSection
	GlobalSection(ProjectConfigurationPlatforms) = postSolution
		{7050F89D-1FED-467D-BB6B-2BF057DDFD09}.Debug|Any CPU.ActiveCfg = Debug|Any CPU
		{7050F89D-1FED-467D-BB6B-2BF057DDFD09}.Debug|Any CPU.Build.0 = Debug|Any CPU
		{7050F89D-1FED-467D-BB6B-2BF057DDFD09}.Release|Any CPU.ActiveCfg = Release|Any CPU
		{7050F89D-1FED-467D-BB6B-2BF057DDFD09}.Release|Any CPU.Build.0 = Release|Any CPU
		{527C39EB-F51B-461D-AF7F-3A63BD610A64}.Debug|Any CPU.ActiveCfg = Debug|Any CPU
		{527C39EB-F51B-461D-AF7F-3A63BD610A64}.Debug|Any CPU.Build.0 = Debug|Any CPU
		{527C39EB-F51B-461D-AF7F-3A63BD610A64}.Release|Any CPU.ActiveCfg = Release|Any CPU
		{527C39EB-F51B-461D-AF7F-3A63BD610A64}.Release|Any CPU.Build.0 = Release|Any CPU
	EndGlobalSection
	GlobalSection(SolutionProperties) = preSolution
		HideSolutionNode = FALSE
	EndGlobalSection
	GlobalSection(ExtensibilityGlobals) = postSolution
		SolutionGuid = {4AD6B0A8-FFE6-47C2-8B44-418EEF995419}
	EndGlobalSection
EndGlobal
